
Microsoft Visual Studio Solution File, Format Version 12.00
# Visual Studio 15
VisualStudioVersion = 15.0.27703.2042
MinimumVisualStudioVersion = 10.0.40219.1
Project("{FAE04EC0-301F-11D3-BF4B-00C04F79EFBC}") = "ContosoUniversity1", "ContosoUniversity1\ContosoUniversity1.csproj", "{16D73C22-3953-4FD3-8619-C00B64EBD3FA}"
EndProject
Global
	GlobalSection(SolutionConfigurationPlatforms) = preSolution
		Debug|Any CPU = Debug|Any CPU
		Release|Any CPU = Release|Any CPU
	EndGlobalSection
	GlobalSection(ProjectConfigurationPlatforms) = postSolution
		{16D73C22-3953-4FD3-8619-C00B64EBD3FA}.Debug|Any CPU.ActiveCfg = Debug|Any CPU
		{16D73C22-3953-4FD3-8619-C00B64EBD3FA}.Debug|Any CPU.Build.0 = Debug|Any CPU
		{16D73C22-3953-4FD3-8619-C00B64EBD3FA}.Release|Any CPU.ActiveCfg = Release|Any CPU
		{16D73C22-3953-4FD3-8619-C00B64EBD3FA}.Release|Any CPU.Build.0 = Release|Any CPU
	EndGlobalSection
	GlobalSection(SolutionProperties) = preSolution
		HideSolutionNode = FALSE
	EndGlobalSection
	GlobalSection(ExtensibilityGlobals) = postSolution
		SolutionGuid = {28EE5AB2-8D4D-4902-A428-D959B48A6F17}
	EndGlobalSection
EndGlobal
